
Microsoft Visual Studio Solution File, Format Version 12.00
# Visual Studio Version 17
VisualStudioVersion = 17.3.32825.248
MinimumVisualStudioVersion = 10.0.40219.1
Project("{FAE04EC0-301F-11D3-BF4B-00C04F79EFBC}") = "githubapp1", "githubapp1\githubapp1.csproj", "{4D8B4F7E-CE42-408E-84BF-0C2E72122D19}"
EndProject
Global
	GlobalSection(SolutionConfigurationPlatforms) = preSolution
		Debug|Any CPU = Debug|Any CPU
		Release|Any CPU = Release|Any CPU
	EndGlobalSection
	GlobalSection(ProjectConfigurationPlatforms) = postSolution
		{4D8B4F7E-CE42-408E-84BF-0C2E72122D19}.Debug|Any CPU.ActiveCfg = Debug|Any CPU
		{4D8B4F7E-CE42-408E-84BF-0C2E72122D19}.Debug|Any CPU.Build.0 = Debug|Any CPU
		{4D8B4F7E-CE42-408E-84BF-0C2E72122D19}.Release|Any CPU.ActiveCfg = Release|Any CPU
		{4D8B4F7E-CE42-408E-84BF-0C2E72122D19}.Release|Any CPU.Build.0 = Release|Any CPU
	EndGlobalSection
	GlobalSection(SolutionProperties) = preSolution
		HideSolutionNode = FALSE
	EndGlobalSection
	GlobalSection(ExtensibilityGlobals) = postSolution
		SolutionGuid = {EB933D84-B761-46D4-BF4C-9049493C2460}
	EndGlobalSection
EndGlobal
